// !$*UTF8*$!
{
	archiveVersion = 1;
	classes = {
	};
	objectVersion = 48;
	objects = {

/* Begin PBXBuildFile section */
		81B481AE204643B90023077E /* AppDelegate.swift in Sources */ = {isa = PBXBuildFile; fileRef = 81B481AD204643B90023077E /* AppDelegate.swift */; };
		81B481B0204643B90023077E /* ViewController.swift in Sources */ = {isa = PBXBuildFile; fileRef = 81B481AF204643B90023077E /* ViewController.swift */; };
		81B481B3204643B90023077E /* Main.storyboard in Resources */ = {isa = PBXBuildFile; fileRef = 81B481B1204643B90023077E /* Main.storyboard */; };
		81B481B5204643B90023077E /* Assets.xcassets in Resources */ = {isa = PBXBuildFile; fileRef = 81B481B4204643B90023077E /* Assets.xcassets */; };
		81B481B8204643B90023077E /* LaunchScreen.storyboard in Resources */ = {isa = PBXBuildFile; fileRef = 81B481B6204643B90023077E /* LaunchScreen.storyboard */; };
		81B481C02046440B0023077E /* NextViewController.swift in Sources */ = {isa = PBXBuildFile; fileRef = 81B481BF2046440B0023077E /* NextViewController.swift */; };
		81B481C2204651720023077E /* StoryBoard.swift in Sources */ = {isa = PBXBuildFile; fileRef = 81B481C1204651720023077E /* StoryBoard.swift */; };
		81B481C4204661120023077E /* NextCell.swift in Sources */ = {isa = PBXBuildFile; fileRef = 81B481C3204661120023077E /* NextCell.swift */; };
		81B481C820467FD00023077E /* UITableView+Extension.swift in Sources */ = {isa = PBXBuildFile; fileRef = 81B481C720467FD00023077E /* UITableView+Extension.swift */; };
		81B481CA204681120023077E /* UITableViewCell+Extension.swift in Sources */ = {isa = PBXBuildFile; fileRef = 81B481C9204681120023077E /* UITableViewCell+Extension.swift */; };
/* End PBXBuildFile section */

/* Begin PBXFileReference section */
		81B481AA204643B90023077E /* SwiftBlockTest.app */ = {isa = PBXFileReference; explicitFileType = wrapper.application; includeInIndex = 0; path = SwiftBlockTest.app; sourceTree = BUILT_PRODUCTS_DIR; };
		81B481AD204643B90023077E /* AppDelegate.swift */ = {isa = PBXFileReference; lastKnownFileType = sourcecode.swift; path = AppDelegate.swift; sourceTree = "<group>"; };
		81B481AF204643B90023077E /* ViewController.swift */ = {isa = PBXFileReference; lastKnownFileType = sourcecode.swift; path = ViewController.swift; sourceTree = "<group>"; };
		81B481B2204643B90023077E /* Base */ = {isa = PBXFileReference; lastKnownFileType = file.storyboard; name = Base; path = Base.lproj/Main.storyboard; sourceTree = "<group>"; };
		81B481B4204643B90023077E /* Assets.xcassets */ = {isa = PBXFileReference; lastKnownFileType = folder.assetcatalog; path = Assets.xcassets; sourceTree = "<group>"; };
		81B481B7204643B90023077E /* Base */ = {isa = PBXFileReference; lastKnownFileType = file.storyboard; name = Base; path = Base.lproj/LaunchScreen.storyboard; sourceTree = "<group>"; };
		81B481B9204643B90023077E /* Info.plist */ = {isa = PBXFileReference; lastKnownFileType = text.plist.xml; path = Info.plist; sourceTree = "<group>"; };
		81B481BF2046440B0023077E /* NextViewController.swift */ = {isa = PBXFileReference; lastKnownFileType = sourcecode.swift; path = NextViewController.swift; sourceTree = "<group>"; };
		81B481C1204651720023077E /* StoryBoard.swift */ = {isa = PBXFileReference; lastKnownFileType = sourcecode.swift; path = StoryBoard.swift; sourceTree = "<group>"; };
		81B481C3204661120023077E /* NextCell.swift */ = {isa = PBXFileReference; lastKnownFileType = sourcecode.swift; path = NextCell.swift; sourceTree = "<group>"; };
		81B481C720467FD00023077E /* UITableView+Extension.swift */ = {isa = PBXFileReference; lastKnownFileType = sourcecode.swift; path = "UITableView+Extension.swift"; sourceTree = "<group>"; };
		81B481C9204681120023077E /* UITableViewCell+Extension.swift */ = {isa = PBXFileReference; lastKnownFileType = sourcecode.swift; path = "UITableViewCell+Extension.swift"; sourceTree = "<group>"; };
/* End PBXFileReference section */

/* Begin PBXFrameworksBuildPhase section */
		81B481A7204643B90023077E /* Frameworks */ = {
			isa = PBXFrameworksBuildPhase;
			buildActionMask = 2147483647;
			files = (
			);
			runOnlyForDeploymentPostprocessing = 0;
		};
/* End PBXFrameworksBuildPhase section */

/* Begin PBXGroup section */
		81B481A1204643B90023077E = {
			isa = PBXGroup;
			children = (
				81B481AC204643B90023077E /* SwiftBlockTest */,
				81B481AB204643B90023077E /* Products */,
			);
			sourceTree = "<group>";
		};
		81B481AB204643B90023077E /* Products */ = {
			isa = PBXGroup;
			children = (
				81B481AA204643B90023077E /* SwiftBlockTest.app */,
			);
			name = Products;
			sourceTree = "<group>";
		};
		81B481AC204643B90023077E /* SwiftBlockTest */ = {
			isa = PBXGroup;
			children = (
				81B481AD204643B90023077E /* AppDelegate.swift */,
				81B481AF204643B90023077E /* ViewController.swift */,
				81B481BF2046440B0023077E /* NextViewController.swift */,
				81B481C3204661120023077E /* NextCell.swift */,
				81B481C1204651720023077E /* StoryBoard.swift */,
				81B481C720467FD00023077E /* UITableView+Extension.swift */,
				81B481C9204681120023077E /* UITableViewCell+Extension.swift */,
				81B481B1204643B90023077E /* Main.storyboard */,
				81B481B4204643B90023077E /* Assets.xcassets */,
				81B481B6204643B90023077E /* LaunchScreen.storyboard */,
				81B481B9204643B90023077E /* Info.plist */,
			);
			path = SwiftBlockTest;
			sourceTree = "<group>";
		};
/* End PBXGroup section */

/* Begin PBXNativeTarget section */
		81B481A9204643B90023077E /* SwiftBlockTest */ = {
			isa = PBXNativeTarget;
			buildConfigurationList = 81B481BC204643B90023077E /* Build configuration list for PBXNativeTarget "SwiftBlockTest" */;
			buildPhases = (
				81B481A6204643B90023077E /* Sources */,
				81B481A7204643B90023077E /* Frameworks */,
				81B481A8204643B90023077E /* Resources */,
			);
			buildRules = (
			);
			dependencies = (
			);
			name = SwiftBlockTest;
			productName = SwiftBlockTest;
			productReference = 81B481AA204643B90023077E /* SwiftBlockTest.app */;
			productType = "com.apple.product-type.application";
		};
/* End PBXNativeTarget section */

/* Begin PBXProject section */
		81B481A2204643B90023077E /* Project object */ = {
			isa = PBXProject;
			attributes = {
				LastSwiftUpdateCheck = 0920;
				LastUpgradeCheck = 0920;
				ORGANIZATIONNAME = weiman;
				TargetAttributes = {
					81B481A9204643B90023077E = {
						CreatedOnToolsVersion = 9.2;
						ProvisioningStyle = Automatic;
					};
				};
			};
			buildConfigurationList = 81B481A5204643B90023077E /* Build configuration list for PBXProject "SwiftBlockTest" */;
			compatibilityVersion = "Xcode 8.0";
			developmentRegion = en;
			hasScannedForEncodings = 0;
			knownRegions = (
				en,
				Base,
			);
			mainGroup = 81B481A1204643B90023077E;
			productRefGroup = 81B481AB204643B90023077E /* Products */;
			projectDirPath = "";
			projectRoot = "";
			targets = (
				81B481A9204643B90023077E /* SwiftBlockTest */,
			);
		};
/* End PBXProject section */

/* Begin PBXResourcesBuildPhase section */
		81B481A8204643B90023077E /* Resources */ = {
			isa = PBXResourcesBuildPhase;
			buildActionMask = 2147483647;
			files = (
				81B481B8204643B90023077E /* LaunchScreen.storyboard in Resources */,
				81B481B5204643B90023077E /* Assets.xcassets in Resources */,
				81B481B3204643B90023077E /* Main.storyboard in Resources */,
			);
			runOnlyForDeploymentPostprocessing = 0;
		};
/* End PBXResourcesBuildPhase section */

/* Begin PBXSourcesBuildPhase section */
		81B481A6204643B90023077E /* Sources */ = {
			isa = PBXSourcesBuildPhase;
			buildActionMask = 2147483647;
			files = (
				81B481CA204681120023077E /* UITableViewCell+Extension.swift in Sources */,
				81B481C2204651720023077E /* StoryBoard.swift in Sources */,
				81B481B0204643B90023077E /* ViewController.swift in Sources */,
				81B481C4204661120023077E /* NextCell.swift in Sources */,
				81B481C02046440B0023077E /* NextViewController.swift in Sources */,
				81B481AE204643B90023077E /* AppDelegate.swift in Sources */,
				81B481C820467FD00023077E /* UITableView+Extension.swift in Sources */,
			);
			runOnlyForDeploymentPostprocessing = 0;
		};
/* End PBXSourcesBuildPhase section */

/* Begin PBXVariantGroup section */
		81B481B1204643B90023077E /* Main.storyboard */ = {
			isa = PBXVariantGroup;
			children = (
				81B481B2204643B90023077E /* Base */,
			);
			name = Main.storyboard;
			sourceTree = "<group>";
		};
		81B481B6204643B90023077E /* LaunchScreen.storyboard */ = {
			isa = PBXVariantGroup;
			children = (
				81B481B7204643B90023077E /* Base */,
			);
			name = LaunchScreen.storyboard;
			sourceTree = "<group>";
		};
/* End PBXVariantGroup section */

/* Begin XCBuildConfiguration section */
		81B481BA204643B90023077E /* Debug */ = {
			isa = XCBuildConfiguration;
			buildSettings = {
				ALWAYS_SEARCH_USER_PATHS = NO;
				CLANG_ANALYZER_NONNULL = YES;
				CLANG_ANALYZER_NUMBER_OBJECT_CONVERSION = YES_AGGRESSIVE;
				CLANG_CXX_LANGUAGE_STANDARD = "gnu++14";
				CLANG_CXX_LIBRARY = "libc++";
				CLANG_ENABLE_MODULES = YES;
				CLANG_ENABLE_OBJC_ARC = YES;
				CLANG_WARN_BLOCK_CAPTURE_AUTORELEASING = YES;
				CLANG_WARN_BOOL_CONVERSION = YES;
				CLANG_WARN_COMMA = YES;
				CLANG_WARN_CONSTANT_CONVERSION = YES;
				CLANG_WARN_DIRECT_OBJC_ISA_USAGE = YES_ERROR;
				CLANG_WARN_DOCUMENTATION_COMMENTS = YES;
				CLANG_WARN_EMPTY_BODY = YES;
				CLANG_WARN_ENUM_CONVERSION = YES;
				CLANG_WARN_INFINITE_RECURSION = YES;
				CLANG_WARN_INT_CONVERSION = YES;
				CLANG_WARN_NON_LITERAL_NULL_CONVERSION = YES;
				CLANG_WARN_OBJC_LITERAL_CONVERSION = YES;
				CLANG_WARN_OBJC_ROOT_CLASS = YES_ERROR;
				CLANG_WARN_RANGE_LOOP_ANALYSIS = YES;
				CLANG_WARN_STRICT_PROTOTYPES = YES;
				CLANG_WARN_SUSPICIOUS_MOVE = YES;
				CLANG_WARN_UNGUARDED_AVAILABILITY = YES_AGGRESSIVE;
				CLANG_WARN_UNREACHABLE_CODE = YES;
				CLANG_WARN__DUPLICATE_METHOD_MATCH = YES;
				CODE_SIGN_IDENTITY = "iPhone Developer";
				COPY_PHASE_STRIP = NO;
				DEBUG_INFORMATION_FORMAT = dwarf;
				ENABLE_STRICT_OBJC_MSGSEND = YES;
				ENABLE_TESTABILITY = YES;
				GCC_C_LANGUAGE_STANDARD = gnu11;
				GCC_DYNAMIC_NO_PIC = NO;
				GCC_NO_COMMON_BLOCKS = YES;
				GCC_OPTIMIZATION_LEVEL = 0;
				GCC_PREPROCESSOR_DEFINITIONS = (
					"DEBUG=1",
					"$(inherited)",
				);
				GCC_WARN_64_TO_32_BIT_CONVERSION = YES;
				GCC_WARN_ABOUT_RETURN_TYPE = YES_ERROR;
				GCC_WARN_UNDECLARED_SELECTOR = YES;
				GCC_WARN_UNINITIALIZED_AUTOS = YES_AGGRESSIVE;
				GCC_WARN_UNUSED_FUNCTION = YES;
				GCC_WARN_UNUSED_VARIABLE = YES;
				IPHONEOS_DEPLOYMENT_TARGET = 11.2;
				MTL_ENABLE_DEBUG_INFO = YES;
				ONLY_ACTIVE_ARCH = YES;
				SDKROOT = iphoneos;
				SWIFT_ACTIVE_COMPILATION_CONDITIONS = DEBUG;
				SWIFT_OPTIMIZATION_LEVEL = "-Onone";
			};
			name = Debug;
		};
		81B481BB204643B90023077E /* Release */ = {
			isa = XCBuildConfiguration;
			buildSettings = {
				ALWAYS_SEARCH_USER_PATHS = NO;
				CLANG_ANALYZER_NONNULL = YES;
				CLANG_ANALYZER_NUMBER_OBJECT_CONVERSION = YES_AGGRESSIVE;
				CLANG_CXX_LANGUAGE_STANDARD = "gnu++14";
				CLANG_CXX_LIBRARY = "libc++";
				CLANG_ENABLE_MODULES = YES;
				CLANG_ENABLE_OBJC_ARC = YES;
				CLANG_WARN_BLOCK_CAPTURE_AUTORELEASING = YES;
				CLANG_WARN_BOOL_CONVERSION = YES;
				CLANG_WARN_COMMA = YES;
				CLANG_WARN_CONSTANT_CONVERSION = YES;
				CLANG_WARN_DIRECT_OBJC_ISA_USAGE = YES_ERROR;
				CLANG_WARN_DOCUMENTATION_COMMENTS = YES;
				CLANG_WARN_EMPTY_BODY = YES;
				CLANG_WARN_ENUM_CONVERSION = YES;
				CLANG_WARN_INFINITE_RECURSION = YES;
				CLANG_WARN_INT_CONVERSION = YES;
				CLANG_WARN_NON_LITERAL_NULL_CONVERSION = YES;
				CLANG_WARN_OBJC_LITERAL_CONVERSION = YES;
				CLANG_WARN_OBJC_ROOT_CLASS = YES_ERROR;
				CLANG_WARN_RANGE_LOOP_ANALYSIS = YES;
				CLANG_WARN_STRICT_PROTOTYPES = YES;
				CLANG_WARN_SUSPICIOUS_MOVE = YES;
				CLANG_WARN_UNGUARDED_AVAILABILITY = YES_AGGRESSIVE;
				CLANG_WARN_UNREACHABLE_CODE = YES;
				CLANG_WARN__DUPLICATE_METHOD_MATCH = YES;
				CODE_SIGN_IDENTITY = "iPhone Developer";
				COPY_PHASE_STRIP = NO;
				DEBUG_INFORMATION_FORMAT = "dwarf-with-dsym";
				ENABLE_NS_ASSERTIONS = NO;
				ENABLE_STRICT_OBJC_MSGSEND = YES;
				GCC_C_LANGUAGE_STANDARD = gnu11;
				GCC_NO_COMMON_BLOCKS = YES;
				GCC_WARN_64_TO_32_BIT_CONVERSION = YES;
				GCC_WARN_ABOUT_RETURN_TYPE = YES_ERROR;
				GCC_WARN_UNDECLARED_SELECTOR = YES;
				GCC_WARN_UNINITIALIZED_AUTOS = YES_AGGRESSIVE;
				GCC_WARN_UNUSED_FUNCTION = YES;
				GCC_WARN_UNUSED_VARIABLE = YES;
				IPHONEOS_DEPLOYMENT_TARGET = 11.2;
				MTL_ENABLE_DEBUG_INFO = NO;
				SDKROOT = iphoneos;
				SWIFT_OPTIMIZATION_LEVEL = "-Owholemodule";
				VALIDATE_PRODUCT = YES;
			};
			name = Release;
		};
		81B481BD204643B90023077E /* Debug */ = {
			isa = XCBuildConfiguration;
			buildSettings = {
				ASSETCATALOG_COMPILER_APPICON_NAME = AppIcon;
				CODE_SIGN_STYLE = Automatic;
				DEVELOPMENT_TEAM = L46R8Q8R89;
				INFOPLIST_FILE = SwiftBlockTest/Info.plist;
				LD_RUNPATH_SEARCH_PATHS = "$(inherited) @executable_path/Frameworks";
				PRODUCT_BUNDLE_IDENTIFIER = cddh.SwiftBlockTest;
				PRODUCT_NAME = "$(TARGET_NAME)";
				SWIFT_VERSION = 4.0;
				TARGETED_DEVICE_FAMILY = "1,2";
			};
			name = Debug;
		};
		81B481BE204643B90023077E /* Release */ = {
			isa = XCBuildConfiguration;
			buildSettings = {
				ASSETCATALOG_COMPILER_APPICON_NAME = AppIcon;
				CODE_SIGN_STYLE = Automatic;
				DEVELOPMENT_TEAM = L46R8Q8R89;
				INFOPLIST_FILE = SwiftBlockTest/Info.plist;
				LD_RUNPATH_SEARCH_PATHS = "$(inherited) @executable_path/Frameworks";
				PRODUCT_BUNDLE_IDENTIFIER = cddh.SwiftBlockTest;
				PRODUCT_NAME = "$(TARGET_NAME)";
				SWIFT_VERSION = 4.0;
				TARGETED_DEVICE_FAMILY = "1,2";
			};
			name = Release;
		};
/* End XCBuildConfiguration section */

/* Begin XCConfigurationList section */
		81B481A5204643B90023077E /* Build configuration list for PBXProject "SwiftBlockTest" */ = {
			isa = XCConfigurationList;
			buildConfigurations = (
				81B481BA204643B90023077E /* Debug */,
				81B481BB204643B90023077E /* Release */,
			);
			defaultConfigurationIsVisible = 0;
			defaultConfigurationName = Release;
		};
		81B481BC204643B90023077E /* Build configuration list for PBXNativeTarget "SwiftBlockTest" */ = {
			isa = XCConfigurationList;
			buildConfigurations = (
				81B481BD204643B90023077E /* Debug */,
				81B481BE204643B90023077E /* Release */,
			);
			defaultConfigurationIsVisible = 0;
			defaultConfigurationName = Release;
		};
/* End XCConfigurationList section */
	};
	rootObject = 81B481A2204643B90023077E /* Project object */;
}
